
Microsoft Visual Studio Solution File, Format Version 12.00
# Visual Studio Version 17
VisualStudioVersion = 17.13.35806.99 d17.13
MinimumVisualStudioVersion = 10.0.40219.1
Project("{FAE04EC0-301F-11D3-BF4B-00C04F79EFBC}") = "FingerprintWF", "FingerprintWF\FingerprintWF.csproj", "{4777ECC7-77A4-4051-9961-2BB994CDA7B9}"
EndProject
Global
	GlobalSection(SolutionConfigurationPlatforms) = preSolution
		Debug|Any CPU = Debug|Any CPU
		Release|Any CPU = Release|Any CPU
	EndGlobalSection
	GlobalSection(ProjectConfigurationPlatforms) = postSolution
		{4777ECC7-77A4-4051-9961-2BB994CDA7B9}.Debug|Any CPU.ActiveCfg = Debug|Any CPU
		{4777ECC7-77A4-4051-9961-2BB994CDA7B9}.Debug|Any CPU.Build.0 = Debug|Any CPU
		{4777ECC7-77A4-4051-9961-2BB994CDA7B9}.Release|Any CPU.ActiveCfg = Release|Any CPU
		{4777ECC7-77A4-4051-9961-2BB994CDA7B9}.Release|Any CPU.Build.0 = Release|Any CPU
	EndGlobalSection
	GlobalSection(SolutionProperties) = preSolution
		HideSolutionNode = FALSE
	EndGlobalSection
	GlobalSection(ExtensibilityGlobals) = postSolution
		SolutionGuid = {D8536757-8939-413D-BDDF-9DC6D2E18B60}
	EndGlobalSection
EndGlobal
